
Microsoft Visual Studio Solution File, Format Version 12.00
# Visual Studio Version 17
VisualStudioVersion = 17.14.36202.13 d17.14
MinimumVisualStudioVersion = 10.0.40219.1
Project("{FAE04EC0-301F-11D3-BF4B-00C04F79EFBC}") = "UIWinIndus", "UIWinIndus\UIWinIndus.csproj", "{9ECBD550-02F9-45BE-82A7-24374544ACCF}"
EndProject
Global
	GlobalSection(SolutionConfigurationPlatforms) = preSolution
		Debug|Any CPU = Debug|Any CPU
		Release|Any CPU = Release|Any CPU
	EndGlobalSection
	GlobalSection(ProjectConfigurationPlatforms) = postSolution
		{9ECBD550-02F9-45BE-82A7-24374544ACCF}.Debug|Any CPU.ActiveCfg = Debug|Any CPU
		{9ECBD550-02F9-45BE-82A7-24374544ACCF}.Debug|Any CPU.Build.0 = Debug|Any CPU
		{9ECBD550-02F9-45BE-82A7-24374544ACCF}.Release|Any CPU.ActiveCfg = Release|Any CPU
		{9ECBD550-02F9-45BE-82A7-24374544ACCF}.Release|Any CPU.Build.0 = Release|Any CPU
	EndGlobalSection
	GlobalSection(SolutionProperties) = preSolution
		HideSolutionNode = FALSE
	EndGlobalSection
	GlobalSection(ExtensibilityGlobals) = postSolution
		SolutionGuid = {F21C1806-5500-4567-BB18-CB44BFC92B6A}
	EndGlobalSection
EndGlobal
